
Microsoft Visual Studio Solution File, Format Version 12.00
# Visual Studio Version 17
VisualStudioVersion = 17.1.32421.90
MinimumVisualStudioVersion = 10.0.40219.1
Project("{FAE04EC0-301F-11D3-BF4B-00C04F79EFBC}") = "Project Data Base", "Project Data Base.csproj", "{F064F3E2-5C05-4A6C-B925-B0233E7773D9}"
EndProject
Global
	GlobalSection(SolutionConfigurationPlatforms) = preSolution
		Debug|Any CPU = Debug|Any CPU
		Release|Any CPU = Release|Any CPU
	EndGlobalSection
	GlobalSection(ProjectConfigurationPlatforms) = postSolution
		{F064F3E2-5C05-4A6C-B925-B0233E7773D9}.Debug|Any CPU.ActiveCfg = Debug|Any CPU
		{F064F3E2-5C05-4A6C-B925-B0233E7773D9}.Debug|Any CPU.Build.0 = Debug|Any CPU
		{F064F3E2-5C05-4A6C-B925-B0233E7773D9}.Release|Any CPU.ActiveCfg = Release|Any CPU
		{F064F3E2-5C05-4A6C-B925-B0233E7773D9}.Release|Any CPU.Build.0 = Release|Any CPU
	EndGlobalSection
	GlobalSection(SolutionProperties) = preSolution
		HideSolutionNode = FALSE
	EndGlobalSection
	GlobalSection(ExtensibilityGlobals) = postSolution
		SolutionGuid = {02A80DE6-D79A-4B9A-9A85-C206B4FE7758}
	EndGlobalSection
EndGlobal
